
Microsoft Visual Studio Solution File, Format Version 12.00
# Visual Studio Version 16
VisualStudioVersion = 16.0.29920.165
MinimumVisualStudioVersion = 10.0.40219.1
Project("{2150E333-8FDC-42A3-9474-1A3956D46DE8}") = "src", "src", "{89D69027-7FC6-4619-BF34-5A88262E866B}"
EndProject
Project("{2150E333-8FDC-42A3-9474-1A3956D46DE8}") = "test", "test", "{E1468483-BDBD-4AE3-ABCA-4FB6BC30D713}"
EndProject
Project("{2150E333-8FDC-42A3-9474-1A3956D46DE8}") = "Presentation Tier", "Presentation Tier", "{380DB006-B673-415B-B3B3-3DA6C47E57AC}"
EndProject
Project("{2150E333-8FDC-42A3-9474-1A3956D46DE8}") = "Common", "Common", "{E2045817-F7BA-4BED-8C35-380FBF4709F0}"
EndProject
Project("{2150E333-8FDC-42A3-9474-1A3956D46DE8}") = "API Gateway", "API Gateway", "{319C8506-D1D2-44A5-A093-1F8ADC748D7B}"
EndProject
Project("{2150E333-8FDC-42A3-9474-1A3956D46DE8}") = "Integration", "Integration", "{E9B59A74-161B-4A40-B4AD-CB08CC674E9B}"
EndProject
Project("{2150E333-8FDC-42A3-9474-1A3956D46DE8}") = "Services", "Services", "{ECEEAC74-CE8B-485C-932D-9A5139308143}"
EndProject
Project("{2150E333-8FDC-42A3-9474-1A3956D46DE8}") = "Admin", "Admin", "{A14486EE-6B4C-45B7-9BF8-46C86DC1DC61}"
EndProject
Project("{2150E333-8FDC-42A3-9474-1A3956D46DE8}") = "Notification", "Notification", "{16DD0407-137A-4CE7-AEA5-F086AE1946B1}"
EndProject
Project("{2150E333-8FDC-42A3-9474-1A3956D46DE8}") = "User", "User", "{0E195D53-89A0-406E-AB59-FE0522D81A8E}"
EndProject
Project("{2150E333-8FDC-42A3-9474-1A3956D46DE8}") = "Document", "Document", "{A80FB761-0A72-4EE9-A202-BEE2352D235F}"
EndProject
Project("{9A19103F-16F7-4668-BE54-9A1E7A4F7556}") = "Admin.API", "src\Services\Admin\Admin.API\Admin.API.csproj", "{00CC9AF2-FA40-4386-B28D-9B8D2566831F}"
EndProject
Project("{9A19103F-16F7-4668-BE54-9A1E7A4F7556}") = "Document.API", "src\Services\Document\Document.API\Document.API.csproj", "{C699940D-84E5-4A6C-9505-56036103571F}"
EndProject
Project("{9A19103F-16F7-4668-BE54-9A1E7A4F7556}") = "Notification.API", "src\Services\Notification\Notification.API\Notification.API.csproj", "{2467781E-9CD8-4BE8-801B-1DB0DC654FDF}"
EndProject
Project("{9A19103F-16F7-4668-BE54-9A1E7A4F7556}") = "User.API", "src\Services\User\User.API\User.API.csproj", "{58B5C7E6-1829-482A-8353-B8955B8EAD86}"
EndProject
Project("{2150E333-8FDC-42A3-9474-1A3956D46DE8}") = "Billing", "Billing", "{FC8416B2-33CD-41AE-B570-88FEFF204DE6}"
EndProject
Project("{9A19103F-16F7-4668-BE54-9A1E7A4F7556}") = "Billing.API", "src\Services\Billing\Billing.API\Billing.API.csproj", "{01C3B913-388D-43FE-8457-E4D43D4BDB80}"
EndProject
Project("{2150E333-8FDC-42A3-9474-1A3956D46DE8}") = "BuildingBlocks", "BuildingBlocks", "{11D71989-B296-4A57-921B-213C554C2A4F}"
EndProject
Project("{2150E333-8FDC-42A3-9474-1A3956D46DE8}") = "Database", "Database", "{E3B7E586-E6A4-4D04-AD5E-AD46ED077DCA}"
EndProject
Project("{00D1A9C2-B5F0-4AF3-8072-F6C62B433612}") = "AuthenticationDatabase", "src\Database\AuthenticationDatabase\AuthenticationDatabase.sqlproj", "{539AF9C3-54AB-442D-951B-6A35ECD7C42A}"
EndProject
Project("{2150E333-8FDC-42A3-9474-1A3956D46DE8}") = "Authentication", "Authentication", "{12DF0EF0-6482-4042-89CC-9B1023A66462}"
EndProject
Project("{9A19103F-16F7-4668-BE54-9A1E7A4F7556}") = "Authentication.API", "src\Services\Authentication\Authentication.API\Authentication.API.csproj", "{332CB631-52EA-4E24-A6F6-43CF6BFC50C9}"
EndProject
Project("{9A19103F-16F7-4668-BE54-9A1E7A4F7556}") = "APIGateway", "src\API Gateway\APIGateway\APIGateway.csproj", "{E7444302-9DDB-46E7-9D14-AACAF5546EF0}"
EndProject
Project("{9A19103F-16F7-4668-BE54-9A1E7A4F7556}") = "Data", "src\BuildingBlocks\Data\Data\Data.csproj", "{228D3199-61C1-4137-88A0-8D423F1BB0D7}"
EndProject
Project("{9A19103F-16F7-4668-BE54-9A1E7A4F7556}") = "MessageBus", "src\BuildingBlocks\MessageBus\MessageBus\MessageBus.csproj", "{87D46A92-923B-4146-87A1-4B08614A6879}"
EndProject
Project("{9A19103F-16F7-4668-BE54-9A1E7A4F7556}") = "Tracing", "src\BuildingBlocks\Tracing\Tracing\Tracing.csproj", "{8023F985-4DF6-404D-81DE-0345316D9C2E}"
EndProject
Project("{9A19103F-16F7-4668-BE54-9A1E7A4F7556}") = "Common", "src\Common\Common\Common.csproj", "{F47C4BE5-6646-4CDA-BD1D-492E3990AB8C}"
EndProject
Project("{9A19103F-16F7-4668-BE54-9A1E7A4F7556}") = "DTO", "src\Common\Dto\DTO.csproj", "{1D6825F5-FF77-40E1-A513-00BD7ADBABE7}"
EndProject
Project("{9A19103F-16F7-4668-BE54-9A1E7A4F7556}") = "Integration", "src\Integration\Integration\Integration.csproj", "{845356FC-B5B6-4EE0-811E-9E26B5D9DB11}"
EndProject
Project("{9A19103F-16F7-4668-BE54-9A1E7A4F7556}") = "WebMVC", "src\Presentation Tier\WebMVC\WebMVC.csproj", "{2A408630-0740-41AB-98E3-2E1BA4D04870}"
EndProject
Global
	GlobalSection(SolutionConfigurationPlatforms) = preSolution
		Debug|Any CPU = Debug|Any CPU
		Release|Any CPU = Release|Any CPU
	EndGlobalSection
	GlobalSection(ProjectConfigurationPlatforms) = postSolution
		{00CC9AF2-FA40-4386-B28D-9B8D2566831F}.Debug|Any CPU.ActiveCfg = Debug|Any CPU
		{00CC9AF2-FA40-4386-B28D-9B8D2566831F}.Debug|Any CPU.Build.0 = Debug|Any CPU
		{00CC9AF2-FA40-4386-B28D-9B8D2566831F}.Release|Any CPU.ActiveCfg = Release|Any CPU
		{00CC9AF2-FA40-4386-B28D-9B8D2566831F}.Release|Any CPU.Build.0 = Release|Any CPU
		{C699940D-84E5-4A6C-9505-56036103571F}.Debug|Any CPU.ActiveCfg = Debug|Any CPU
		{C699940D-84E5-4A6C-9505-56036103571F}.Debug|Any CPU.Build.0 = Debug|Any CPU
		{C699940D-84E5-4A6C-9505-56036103571F}.Release|Any CPU.ActiveCfg = Release|Any CPU
		{C699940D-84E5-4A6C-9505-56036103571F}.Release|Any CPU.Build.0 = Release|Any CPU
		{2467781E-9CD8-4BE8-801B-1DB0DC654FDF}.Debug|Any CPU.ActiveCfg = Debug|Any CPU
		{2467781E-9CD8-4BE8-801B-1DB0DC654FDF}.Debug|Any CPU.Build.0 = Debug|Any CPU
		{2467781E-9CD8-4BE8-801B-1DB0DC654FDF}.Release|Any CPU.ActiveCfg = Release|Any CPU
		{2467781E-9CD8-4BE8-801B-1DB0DC654FDF}.Release|Any CPU.Build.0 = Release|Any CPU
		{58B5C7E6-1829-482A-8353-B8955B8EAD86}.Debug|Any CPU.ActiveCfg = Debug|Any CPU
		{58B5C7E6-1829-482A-8353-B8955B8EAD86}.Debug|Any CPU.Build.0 = Debug|Any CPU
		{58B5C7E6-1829-482A-8353-B8955B8EAD86}.Release|Any CPU.ActiveCfg = Release|Any CPU
		{58B5C7E6-1829-482A-8353-B8955B8EAD86}.Release|Any CPU.Build.0 = Release|Any CPU
		{01C3B913-388D-43FE-8457-E4D43D4BDB80}.Debug|Any CPU.ActiveCfg = Debug|Any CPU
		{01C3B913-388D-43FE-8457-E4D43D4BDB80}.Debug|Any CPU.Build.0 = Debug|Any CPU
		{01C3B913-388D-43FE-8457-E4D43D4BDB80}.Release|Any CPU.ActiveCfg = Release|Any CPU
		{01C3B913-388D-43FE-8457-E4D43D4BDB80}.Release|Any CPU.Build.0 = Release|Any CPU
		{539AF9C3-54AB-442D-951B-6A35ECD7C42A}.Debug|Any CPU.ActiveCfg = Debug|Any CPU
		{539AF9C3-54AB-442D-951B-6A35ECD7C42A}.Debug|Any CPU.Build.0 = Debug|Any CPU
		{539AF9C3-54AB-442D-951B-6A35ECD7C42A}.Debug|Any CPU.Deploy.0 = Debug|Any CPU
		{539AF9C3-54AB-442D-951B-6A35ECD7C42A}.Release|Any CPU.ActiveCfg = Release|Any CPU
		{539AF9C3-54AB-442D-951B-6A35ECD7C42A}.Release|Any CPU.Build.0 = Release|Any CPU
		{539AF9C3-54AB-442D-951B-6A35ECD7C42A}.Release|Any CPU.Deploy.0 = Release|Any CPU
		{332CB631-52EA-4E24-A6F6-43CF6BFC50C9}.Debug|Any CPU.ActiveCfg = Debug|Any CPU
		{332CB631-52EA-4E24-A6F6-43CF6BFC50C9}.Debug|Any CPU.Build.0 = Debug|Any CPU
		{332CB631-52EA-4E24-A6F6-43CF6BFC50C9}.Release|Any CPU.ActiveCfg = Release|Any CPU
		{332CB631-52EA-4E24-A6F6-43CF6BFC50C9}.Release|Any CPU.Build.0 = Release|Any CPU
		{E7444302-9DDB-46E7-9D14-AACAF5546EF0}.Debug|Any CPU.ActiveCfg = Debug|Any CPU
		{E7444302-9DDB-46E7-9D14-AACAF5546EF0}.Debug|Any CPU.Build.0 = Debug|Any CPU
		{E7444302-9DDB-46E7-9D14-AACAF5546EF0}.Release|Any CPU.ActiveCfg = Release|Any CPU
		{E7444302-9DDB-46E7-9D14-AACAF5546EF0}.Release|Any CPU.Build.0 = Release|Any CPU
		{228D3199-61C1-4137-88A0-8D423F1BB0D7}.Debug|Any CPU.ActiveCfg = Debug|Any CPU
		{228D3199-61C1-4137-88A0-8D423F1BB0D7}.Debug|Any CPU.Build.0 = Debug|Any CPU
		{228D3199-61C1-4137-88A0-8D423F1BB0D7}.Release|Any CPU.ActiveCfg = Release|Any CPU
		{228D3199-61C1-4137-88A0-8D423F1BB0D7}.Release|Any CPU.Build.0 = Release|Any CPU
		{87D46A92-923B-4146-87A1-4B08614A6879}.Debug|Any CPU.ActiveCfg = Debug|Any CPU
		{87D46A92-923B-4146-87A1-4B08614A6879}.Debug|Any CPU.Build.0 = Debug|Any CPU
		{87D46A92-923B-4146-87A1-4B08614A6879}.Release|Any CPU.ActiveCfg = Release|Any CPU
		{87D46A92-923B-4146-87A1-4B08614A6879}.Release|Any CPU.Build.0 = Release|Any CPU
		{8023F985-4DF6-404D-81DE-0345316D9C2E}.Debug|Any CPU.ActiveCfg = Debug|Any CPU
		{8023F985-4DF6-404D-81DE-0345316D9C2E}.Debug|Any CPU.Build.0 = Debug|Any CPU
		{8023F985-4DF6-404D-81DE-0345316D9C2E}.Release|Any CPU.ActiveCfg = Release|Any CPU
		{8023F985-4DF6-404D-81DE-0345316D9C2E}.Release|Any CPU.Build.0 = Release|Any CPU
		{F47C4BE5-6646-4CDA-BD1D-492E3990AB8C}.Debug|Any CPU.ActiveCfg = Debug|Any CPU
		{F47C4BE5-6646-4CDA-BD1D-492E3990AB8C}.Debug|Any CPU.Build.0 = Debug|Any CPU
		{F47C4BE5-6646-4CDA-BD1D-492E3990AB8C}.Release|Any CPU.ActiveCfg = Release|Any CPU
		{F47C4BE5-6646-4CDA-BD1D-492E3990AB8C}.Release|Any CPU.Build.0 = Release|Any CPU
		{1D6825F5-FF77-40E1-A513-00BD7ADBABE7}.Debug|Any CPU.ActiveCfg = Debug|Any CPU
		{1D6825F5-FF77-40E1-A513-00BD7ADBABE7}.Debug|Any CPU.Build.0 = Debug|Any CPU
		{1D6825F5-FF77-40E1-A513-00BD7ADBABE7}.Release|Any CPU.ActiveCfg = Release|Any CPU
		{1D6825F5-FF77-40E1-A513-00BD7ADBABE7}.Release|Any CPU.Build.0 = Release|Any CPU
		{845356FC-B5B6-4EE0-811E-9E26B5D9DB11}.Debug|Any CPU.ActiveCfg = Debug|Any CPU
		{845356FC-B5B6-4EE0-811E-9E26B5D9DB11}.Debug|Any CPU.Build.0 = Debug|Any CPU
		{845356FC-B5B6-4EE0-811E-9E26B5D9DB11}.Release|Any CPU.ActiveCfg = Release|Any CPU
		{845356FC-B5B6-4EE0-811E-9E26B5D9DB11}.Release|Any CPU.Build.0 = Release|Any CPU
		{2A408630-0740-41AB-98E3-2E1BA4D04870}.Debug|Any CPU.ActiveCfg = Debug|Any CPU
		{2A408630-0740-41AB-98E3-2E1BA4D04870}.Debug|Any CPU.Build.0 = Debug|Any CPU
		{2A408630-0740-41AB-98E3-2E1BA4D04870}.Release|Any CPU.ActiveCfg = Release|Any CPU
		{2A408630-0740-41AB-98E3-2E1BA4D04870}.Release|Any CPU.Build.0 = Release|Any CPU
	EndGlobalSection
	GlobalSection(SolutionProperties) = preSolution
		HideSolutionNode = FALSE
	EndGlobalSection
	GlobalSection(NestedProjects) = preSolution
		{380DB006-B673-415B-B3B3-3DA6C47E57AC} = {89D69027-7FC6-4619-BF34-5A88262E866B}
		{E2045817-F7BA-4BED-8C35-380FBF4709F0} = {89D69027-7FC6-4619-BF34-5A88262E866B}
		{319C8506-D1D2-44A5-A093-1F8ADC748D7B} = {89D69027-7FC6-4619-BF34-5A88262E866B}
		{E9B59A74-161B-4A40-B4AD-CB08CC674E9B} = {89D69027-7FC6-4619-BF34-5A88262E866B}
		{ECEEAC74-CE8B-485C-932D-9A5139308143} = {89D69027-7FC6-4619-BF34-5A88262E866B}
		{A14486EE-6B4C-45B7-9BF8-46C86DC1DC61} = {ECEEAC74-CE8B-485C-932D-9A5139308143}
		{16DD0407-137A-4CE7-AEA5-F086AE1946B1} = {ECEEAC74-CE8B-485C-932D-9A5139308143}
		{0E195D53-89A0-406E-AB59-FE0522D81A8E} = {ECEEAC74-CE8B-485C-932D-9A5139308143}
		{A80FB761-0A72-4EE9-A202-BEE2352D235F} = {ECEEAC74-CE8B-485C-932D-9A5139308143}
		{00CC9AF2-FA40-4386-B28D-9B8D2566831F} = {A14486EE-6B4C-45B7-9BF8-46C86DC1DC61}
		{C699940D-84E5-4A6C-9505-56036103571F} = {A80FB761-0A72-4EE9-A202-BEE2352D235F}
		{2467781E-9CD8-4BE8-801B-1DB0DC654FDF} = {16DD0407-137A-4CE7-AEA5-F086AE1946B1}
		{58B5C7E6-1829-482A-8353-B8955B8EAD86} = {0E195D53-89A0-406E-AB59-FE0522D81A8E}
		{FC8416B2-33CD-41AE-B570-88FEFF204DE6} = {ECEEAC74-CE8B-485C-932D-9A5139308143}
		{01C3B913-388D-43FE-8457-E4D43D4BDB80} = {FC8416B2-33CD-41AE-B570-88FEFF204DE6}
		{11D71989-B296-4A57-921B-213C554C2A4F} = {89D69027-7FC6-4619-BF34-5A88262E866B}
		{E3B7E586-E6A4-4D04-AD5E-AD46ED077DCA} = {89D69027-7FC6-4619-BF34-5A88262E866B}
		{539AF9C3-54AB-442D-951B-6A35ECD7C42A} = {E3B7E586-E6A4-4D04-AD5E-AD46ED077DCA}
		{12DF0EF0-6482-4042-89CC-9B1023A66462} = {ECEEAC74-CE8B-485C-932D-9A5139308143}
		{332CB631-52EA-4E24-A6F6-43CF6BFC50C9} = {12DF0EF0-6482-4042-89CC-9B1023A66462}
		{E7444302-9DDB-46E7-9D14-AACAF5546EF0} = {319C8506-D1D2-44A5-A093-1F8ADC748D7B}
		{228D3199-61C1-4137-88A0-8D423F1BB0D7} = {11D71989-B296-4A57-921B-213C554C2A4F}
		{87D46A92-923B-4146-87A1-4B08614A6879} = {11D71989-B296-4A57-921B-213C554C2A4F}
		{8023F985-4DF6-404D-81DE-0345316D9C2E} = {11D71989-B296-4A57-921B-213C554C2A4F}
		{F47C4BE5-6646-4CDA-BD1D-492E3990AB8C} = {E2045817-F7BA-4BED-8C35-380FBF4709F0}
		{1D6825F5-FF77-40E1-A513-00BD7ADBABE7} = {E2045817-F7BA-4BED-8C35-380FBF4709F0}
		{845356FC-B5B6-4EE0-811E-9E26B5D9DB11} = {E9B59A74-161B-4A40-B4AD-CB08CC674E9B}
		{2A408630-0740-41AB-98E3-2E1BA4D04870} = {380DB006-B673-415B-B3B3-3DA6C47E57AC}
	EndGlobalSection
	GlobalSection(ExtensibilityGlobals) = postSolution
		SolutionGuid = {89B9574A-6B8D-4E37-B5DD-2E51C18E98D8}
	EndGlobalSection
EndGlobal
